// !$*UTF8*$!
{
	archiveVersion = 1;
	classes = {
	};
	objectVersion = 50;
	objects = {

/* Begin PBXBuildFile section */
		EB1F8B0B218B41F6008CFD88 /* AppDelegate.swift in Sources */ = {isa = PBXBuildFile; fileRef = EB1F8B0A218B41F6008CFD88 /* AppDelegate.swift */; };
		EB1F8B0D218B41F6008CFD88 /* CreativityController.swift in Sources */ = {isa = PBXBuildFile; fileRef = EB1F8B0C218B41F6008CFD88 /* CreativityController.swift */; };
		EB1F8B10218B41F6008CFD88 /* Main.storyboard in Resources */ = {isa = PBXBuildFile; fileRef = EB1F8B0E218B41F6008CFD88 /* Main.storyboard */; };
		EB1F8B12218B41FD008CFD88 /* Assets.xcassets in Resources */ = {isa = PBXBuildFile; fileRef = EB1F8B11218B41FD008CFD88 /* Assets.xcassets */; };
		EB1F8B15218B41FD008CFD88 /* LaunchScreen.storyboard in Resources */ = {isa = PBXBuildFile; fileRef = EB1F8B13218B41FD008CFD88 /* LaunchScreen.storyboard */; };
		EB1F8B20218B4B5E008CFD88 /* DrawingView.swift in Sources */ = {isa = PBXBuildFile; fileRef = EB1F8B1F218B4B5D008CFD88 /* DrawingView.swift */; };
		EB672BFC2193386D00E41A8F /* ArtCollectionViewCollection.swift in Sources */ = {isa = PBXBuildFile; fileRef = EB672BFB2193386D00E41A8F /* ArtCollectionViewCollection.swift */; };
/* End PBXBuildFile section */

/* Begin PBXFileReference section */
		EB1F8B07218B41F6008CFD88 /* CreativityProject.app */ = {isa = PBXFileReference; explicitFileType = wrapper.application; includeInIndex = 0; path = CreativityProject.app; sourceTree = BUILT_PRODUCTS_DIR; };
		EB1F8B0A218B41F6008CFD88 /* AppDelegate.swift */ = {isa = PBXFileReference; lastKnownFileType = sourcecode.swift; path = AppDelegate.swift; sourceTree = "<group>"; };
		EB1F8B0C218B41F6008CFD88 /* CreativityController.swift */ = {isa = PBXFileReference; lastKnownFileType = sourcecode.swift; path = CreativityController.swift; sourceTree = "<group>"; };
		EB1F8B0F218B41F6008CFD88 /* Base */ = {isa = PBXFileReference; lastKnownFileType = file.storyboard; name = Base; path = Base.lproj/Main.storyboard; sourceTree = "<group>"; };
		EB1F8B11218B41FD008CFD88 /* Assets.xcassets */ = {isa = PBXFileReference; lastKnownFileType = folder.assetcatalog; path = Assets.xcassets; sourceTree = "<group>"; };
		EB1F8B14218B41FD008CFD88 /* Base */ = {isa = PBXFileReference; lastKnownFileType = file.storyboard; name = Base; path = Base.lproj/LaunchScreen.storyboard; sourceTree = "<group>"; };
		EB1F8B16218B41FD008CFD88 /* Info.plist */ = {isa = PBXFileReference; lastKnownFileType = text.plist.xml; path = Info.plist; sourceTree = "<group>"; };
		EB1F8B1F218B4B5D008CFD88 /* DrawingView.swift */ = {isa = PBXFileReference; lastKnownFileType = sourcecode.swift; path = DrawingView.swift; sourceTree = "<group>"; };
		EB672BFB2193386D00E41A8F /* ArtCollectionViewCollection.swift */ = {isa = PBXFileReference; lastKnownFileType = sourcecode.swift; path = ArtCollectionViewCollection.swift; sourceTree = "<group>"; };
/* End PBXFileReference section */

/* Begin PBXFrameworksBuildPhase section */
		EB1F8B04218B41F6008CFD88 /* Frameworks */ = {
			isa = PBXFrameworksBuildPhase;
			buildActionMask = 2147483647;
			files = (
			);
			runOnlyForDeploymentPostprocessing = 0;
		};
/* End PBXFrameworksBuildPhase section */

/* Begin PBXGroup section */
		EB1F8AFE218B41F5008CFD88 = {
			isa = PBXGroup;
			children = (
				EB1F8B09218B41F6008CFD88 /* CreativityProject */,
				EB1F8B08218B41F6008CFD88 /* Products */,
			);
			sourceTree = "<group>";
		};
		EB1F8B08218B41F6008CFD88 /* Products */ = {
			isa = PBXGroup;
			children = (
				EB1F8B07218B41F6008CFD88 /* CreativityProject.app */,
			);
			name = Products;
			sourceTree = "<group>";
		};
		EB1F8B09218B41F6008CFD88 /* CreativityProject */ = {
			isa = PBXGroup;
			children = (
				EB1F8B1C218B4271008CFD88 /* Resources */,
				EB1F8B1D218B4279008CFD88 /* Controller */,
				EB1F8B1E218B4281008CFD88 /* View */,
			);
			path = CreativityProject;
			sourceTree = "<group>";
		};
		EB1F8B1C218B4271008CFD88 /* Resources */ = {
			isa = PBXGroup;
			children = (
				EB1F8B0A218B41F6008CFD88 /* AppDelegate.swift */,
				EB1F8B11218B41FD008CFD88 /* Assets.xcassets */,
				EB1F8B16218B41FD008CFD88 /* Info.plist */,
			);
			path = Resources;
			sourceTree = "<group>";
		};
		EB1F8B1D218B4279008CFD88 /* Controller */ = {
			isa = PBXGroup;
			children = (
				EB1F8B0C218B41F6008CFD88 /* CreativityController.swift */,
				EB672BFB2193386D00E41A8F /* ArtCollectionViewCollection.swift */,
			);
			path = Controller;
			sourceTree = "<group>";
		};
		EB1F8B1E218B4281008CFD88 /* View */ = {
			isa = PBXGroup;
			children = (
				EB1F8B0E218B41F6008CFD88 /* Main.storyboard */,
				EB1F8B13218B41FD008CFD88 /* LaunchScreen.storyboard */,
				EB1F8B1F218B4B5D008CFD88 /* DrawingView.swift */,
			);
			path = View;
			sourceTree = "<group>";
		};
/* End PBXGroup section */

/* Begin PBXNativeTarget section */
		EB1F8B06218B41F6008CFD88 /* CreativityProject */ = {
			isa = PBXNativeTarget;
			buildConfigurationList = EB1F8B19218B41FD008CFD88 /* Build configuration list for PBXNativeTarget "CreativityProject" */;
			buildPhases = (
				EB1F8B03218B41F6008CFD88 /* Sources */,
				EB1F8B04218B41F6008CFD88 /* Frameworks */,
				EB1F8B05218B41F6008CFD88 /* Resources */,
			);
			buildRules = (
			);
			dependencies = (
			);
			name = CreativityProject;
			productName = CreativityProject;
			productReference = EB1F8B07218B41F6008CFD88 /* CreativityProject.app */;
			productType = "com.apple.product-type.application";
		};
/* End PBXNativeTarget section */

/* Begin PBXProject section */
		EB1F8AFF218B41F5008CFD88 /* Project object */ = {
			isa = PBXProject;
			attributes = {
				LastSwiftUpdateCheck = 0940;
				LastUpgradeCheck = 0940;
				ORGANIZATIONNAME = CTEC;
				TargetAttributes = {
					EB1F8B06218B41F6008CFD88 = {
						CreatedOnToolsVersion = 9.4.1;
					};
				};
			};
			buildConfigurationList = EB1F8B02218B41F5008CFD88 /* Build configuration list for PBXProject "CreativityProject" */;
			compatibilityVersion = "Xcode 9.3";
			developmentRegion = en;
			hasScannedForEncodings = 0;
			knownRegions = (
				en,
				Base,
			);
			mainGroup = EB1F8AFE218B41F5008CFD88;
			productRefGroup = EB1F8B08218B41F6008CFD88 /* Products */;
			projectDirPath = "";
			projectRoot = "";
			targets = (
				EB1F8B06218B41F6008CFD88 /* CreativityProject */,
			);
		};
/* End PBXProject section */

/* Begin PBXResourcesBuildPhase section */
		EB1F8B05218B41F6008CFD88 /* Resources */ = {
			isa = PBXResourcesBuildPhase;
			buildActionMask = 2147483647;
			files = (
				EB1F8B15218B41FD008CFD88 /* LaunchScreen.storyboard in Resources */,
				EB1F8B12218B41FD008CFD88 /* Assets.xcassets in Resources */,
				EB1F8B10218B41F6008CFD88 /* Main.storyboard in Resources */,
			);
			runOnlyForDeploymentPostprocessing = 0;
		};
/* End PBXResourcesBuildPhase section */

/* Begin PBXSourcesBuildPhase section */
		EB1F8B03218B41F6008CFD88 /* Sources */ = {
			isa = PBXSourcesBuildPhase;
			buildActionMask = 2147483647;
			files = (
				EB1F8B20218B4B5E008CFD88 /* DrawingView.swift in Sources */,
				EB1F8B0D218B41F6008CFD88 /* CreativityController.swift in Sources */,
				EB672BFC2193386D00E41A8F /* ArtCollectionViewCollection.swift in Sources */,
				EB1F8B0B218B41F6008CFD88 /* AppDelegate.swift in Sources */,
			);
			runOnlyForDeploymentPostprocessing = 0;
		};
/* End PBXSourcesBuildPhase section */

/* Begin PBXVariantGroup section */
		EB1F8B0E218B41F6008CFD88 /* Main.storyboard */ = {
			isa = PBXVariantGroup;
			children = (
				EB1F8B0F218B41F6008CFD88 /* Base */,
			);
			name = Main.storyboard;
			sourceTree = "<group>";
		};
		EB1F8B13218B41FD008CFD88 /* LaunchScreen.storyboard */ = {
			isa = PBXVariantGroup;
			children = (
				EB1F8B14218B41FD008CFD88 /* Base */,
			);
			name = LaunchScreen.storyboard;
			sourceTree = "<group>";
		};
/* End PBXVariantGroup section */

/* Begin XCBuildConfiguration section */
		EB1F8B17218B41FD008CFD88 /* Debug */ = {
			isa = XCBuildConfiguration;
			buildSettings = {
				ALWAYS_SEARCH_USER_PATHS = NO;
				CLANG_ANALYZER_NONNULL = YES;
				CLANG_ANALYZER_NUMBER_OBJECT_CONVERSION = YES_AGGRESSIVE;
				CLANG_CXX_LANGUAGE_STANDARD = "gnu++14";
				CLANG_CXX_LIBRARY = "libc++";
				CLANG_ENABLE_MODULES = YES;
				CLANG_ENABLE_OBJC_ARC = YES;
				CLANG_ENABLE_OBJC_WEAK = YES;
				CLANG_WARN_BLOCK_CAPTURE_AUTORELEASING = YES;
				CLANG_WARN_BOOL_CONVERSION = YES;
				CLANG_WARN_COMMA = YES;
				CLANG_WARN_CONSTANT_CONVERSION = YES;
				CLANG_WARN_DEPRECATED_OBJC_IMPLEMENTATIONS = YES;
				CLANG_WARN_DIRECT_OBJC_ISA_USAGE = YES_ERROR;
				CLANG_WARN_DOCUMENTATION_COMMENTS = YES;
				CLANG_WARN_EMPTY_BODY = YES;
				CLANG_WARN_ENUM_CONVERSION = YES;
				CLANG_WARN_INFINITE_RECURSION = YES;
				CLANG_WARN_INT_CONVERSION = YES;
				CLANG_WARN_NON_LITERAL_NULL_CONVERSION = YES;
				CLANG_WARN_OBJC_IMPLICIT_RETAIN_SELF = YES;
				CLANG_WARN_OBJC_LITERAL_CONVERSION = YES;
				CLANG_WARN_OBJC_ROOT_CLASS = YES_ERROR;
				CLANG_WARN_RANGE_LOOP_ANALYSIS = YES;
				CLANG_WARN_STRICT_PROTOTYPES = YES;
				CLANG_WARN_SUSPICIOUS_MOVE = YES;
				CLANG_WARN_UNGUARDED_AVAILABILITY = YES_AGGRESSIVE;
				CLANG_WARN_UNREACHABLE_CODE = YES;
				CLANG_WARN__DUPLICATE_METHOD_MATCH = YES;
				CODE_SIGN_IDENTITY = "iPhone Developer";
				COPY_PHASE_STRIP = NO;
				DEBUG_INFORMATION_FORMAT = dwarf;
				ENABLE_STRICT_OBJC_MSGSEND = YES;
				ENABLE_TESTABILITY = YES;
				GCC_C_LANGUAGE_STANDARD = gnu11;
				GCC_DYNAMIC_NO_PIC = NO;
				GCC_NO_COMMON_BLOCKS = YES;
				GCC_OPTIMIZATION_LEVEL = 0;
				GCC_PREPROCESSOR_DEFINITIONS = (
					"DEBUG=1",
					"$(inherited)",
				);
				GCC_WARN_64_TO_32_BIT_CONVERSION = YES;
				GCC_WARN_ABOUT_RETURN_TYPE = YES_ERROR;
				GCC_WARN_UNDECLARED_SELECTOR = YES;
				GCC_WARN_UNINITIALIZED_AUTOS = YES_AGGRESSIVE;
				GCC_WARN_UNUSED_FUNCTION = YES;
				GCC_WARN_UNUSED_VARIABLE = YES;
				IPHONEOS_DEPLOYMENT_TARGET = 11.4;
				MTL_ENABLE_DEBUG_INFO = YES;
				ONLY_ACTIVE_ARCH = YES;
				SDKROOT = iphoneos;
				SWIFT_ACTIVE_COMPILATION_CONDITIONS = DEBUG;
				SWIFT_OPTIMIZATION_LEVEL = "-Onone";
			};
			name = Debug;
		};
		EB1F8B18218B41FD008CFD88 /* Release */ = {
			isa = XCBuildConfiguration;
			buildSettings = {
				ALWAYS_SEARCH_USER_PATHS = NO;
				CLANG_ANALYZER_NONNULL = YES;
				CLANG_ANALYZER_NUMBER_OBJECT_CONVERSION = YES_AGGRESSIVE;
				CLANG_CXX_LANGUAGE_STANDARD = "gnu++14";
				CLANG_CXX_LIBRARY = "libc++";
				CLANG_ENABLE_MODULES = YES;
				CLANG_ENABLE_OBJC_ARC = YES;
				CLANG_ENABLE_OBJC_WEAK = YES;
				CLANG_WARN_BLOCK_CAPTURE_AUTORELEASING = YES;
				CLANG_WARN_BOOL_CONVERSION = YES;
				CLANG_WARN_COMMA = YES;
				CLANG_WARN_CONSTANT_CONVERSION = YES;
				CLANG_WARN_DEPRECATED_OBJC_IMPLEMENTATIONS = YES;
				CLANG_WARN_DIRECT_OBJC_ISA_USAGE = YES_ERROR;
				CLANG_WARN_DOCUMENTATION_COMMENTS = YES;
				CLANG_WARN_EMPTY_BODY = YES;
				CLANG_WARN_ENUM_CONVERSION = YES;
				CLANG_WARN_INFINITE_RECURSION = YES;
				CLANG_WARN_INT_CONVERSION = YES;
				CLANG_WARN_NON_LITERAL_NULL_CONVERSION = YES;
				CLANG_WARN_OBJC_IMPLICIT_RETAIN_SELF = YES;
				CLANG_WARN_OBJC_LITERAL_CONVERSION = YES;
				CLANG_WARN_OBJC_ROOT_CLASS = YES_ERROR;
				CLANG_WARN_RANGE_LOOP_ANALYSIS = YES;
				CLANG_WARN_STRICT_PROTOTYPES = YES;
				CLANG_WARN_SUSPICIOUS_MOVE = YES;
				CLANG_WARN_UNGUARDED_AVAILABILITY = YES_AGGRESSIVE;
				CLANG_WARN_UNREACHABLE_CODE = YES;
				CLANG_WARN__DUPLICATE_METHOD_MATCH = YES;
				CODE_SIGN_IDENTITY = "iPhone Developer";
				COPY_PHASE_STRIP = NO;
				DEBUG_INFORMATION_FORMAT = "dwarf-with-dsym";
				ENABLE_NS_ASSERTIONS = NO;
				ENABLE_STRICT_OBJC_MSGSEND = YES;
				GCC_C_LANGUAGE_STANDARD = gnu11;
				GCC_NO_COMMON_BLOCKS = YES;
				GCC_WARN_64_TO_32_BIT_CONVERSION = YES;
				GCC_WARN_ABOUT_RETURN_TYPE = YES_ERROR;
				GCC_WARN_UNDECLARED_SELECTOR = YES;
				GCC_WARN_UNINITIALIZED_AUTOS = YES_AGGRESSIVE;
				GCC_WARN_UNUSED_FUNCTION = YES;
				GCC_WARN_UNUSED_VARIABLE = YES;
				IPHONEOS_DEPLOYMENT_TARGET = 11.4;
				MTL_ENABLE_DEBUG_INFO = NO;
				SDKROOT = iphoneos;
				SWIFT_COMPILATION_MODE = wholemodule;
				SWIFT_OPTIMIZATION_LEVEL = "-O";
				VALIDATE_PRODUCT = YES;
			};
			name = Release;
		};
		EB1F8B1A218B41FD008CFD88 /* Debug */ = {
			isa = XCBuildConfiguration;
			buildSettings = {
				ASSETCATALOG_COMPILER_APPICON_NAME = AppIcon;
				CODE_SIGN_STYLE = Automatic;
				INFOPLIST_FILE = "$(SRCROOT)/CreativityProject/Resources/Info.plist";
				LD_RUNPATH_SEARCH_PATHS = (
					"$(inherited)",
					"@executable_path/Frameworks",
				);
				PRODUCT_BUNDLE_IDENTIFIER = CTEC.CreativityProject;
				PRODUCT_NAME = "$(TARGET_NAME)";
				SWIFT_VERSION = 4.0;
				TARGETED_DEVICE_FAMILY = "1,2";
			};
			name = Debug;
		};
		EB1F8B1B218B41FD008CFD88 /* Release */ = {
			isa = XCBuildConfiguration;
			buildSettings = {
				ASSETCATALOG_COMPILER_APPICON_NAME = AppIcon;
				CODE_SIGN_STYLE = Automatic;
				INFOPLIST_FILE = "$(SRCROOT)/CreativityProject/Resources/Info.plist";
				LD_RUNPATH_SEARCH_PATHS = (
					"$(inherited)",
					"@executable_path/Frameworks",
				);
				PRODUCT_BUNDLE_IDENTIFIER = CTEC.CreativityProject;
				PRODUCT_NAME = "$(TARGET_NAME)";
				SWIFT_VERSION = 4.0;
				TARGETED_DEVICE_FAMILY = "1,2";
			};
			name = Release;
		};
/* End XCBuildConfiguration section */

/* Begin XCConfigurationList section */
		EB1F8B02218B41F5008CFD88 /* Build configuration list for PBXProject "CreativityProject" */ = {
			isa = XCConfigurationList;
			buildConfigurations = (
				EB1F8B17218B41FD008CFD88 /* Debug */,
				EB1F8B18218B41FD008CFD88 /* Release */,
			);
			defaultConfigurationIsVisible = 0;
			defaultConfigurationName = Release;
		};
		EB1F8B19218B41FD008CFD88 /* Build configuration list for PBXNativeTarget "CreativityProject" */ = {
			isa = XCConfigurationList;
			buildConfigurations = (
				EB1F8B1A218B41FD008CFD88 /* Debug */,
				EB1F8B1B218B41FD008CFD88 /* Release */,
			);
			defaultConfigurationIsVisible = 0;
			defaultConfigurationName = Release;
		};
/* End XCConfigurationList section */
	};
	rootObject = EB1F8AFF218B41F5008CFD88 /* Project object */;
}
